// !$*UTF8*$!
{
	archiveVersion = 1;
	classes = {
	};
	objectVersion = 50;
	objects = {

/* Begin PBXBuildFile section */
		203413262677ADCA007C1112 /* MainView.swift in Sources */ = {isa = PBXBuildFile; fileRef = 203413252677ADCA007C1112 /* MainView.swift */; };
		208C2978266FCA30006F7D2B /* AppDelegate.swift in Sources */ = {isa = PBXBuildFile; fileRef = 208C2977266FCA30006F7D2B /* AppDelegate.swift */; };
		208C297C266FCA30006F7D2B /* MainScreenViewController.swift in Sources */ = {isa = PBXBuildFile; fileRef = 208C297B266FCA30006F7D2B /* MainScreenViewController.swift */; };
		208C2981266FCA31006F7D2B /* Assets.xcassets in Resources */ = {isa = PBXBuildFile; fileRef = 208C2980266FCA31006F7D2B /* Assets.xcassets */; };
		208C2984266FCA31006F7D2B /* LaunchScreen.storyboard in Resources */ = {isa = PBXBuildFile; fileRef = 208C2982266FCA31006F7D2B /* LaunchScreen.storyboard */; };
		ECA6B7D22674CE030072EA33 /* FilterCell.swift in Sources */ = {isa = PBXBuildFile; fileRef = ECA6B7D12674CE030072EA33 /* FilterCell.swift */; };
		ECA6B7D52674E0000072EA33 /* FilterService.swift in Sources */ = {isa = PBXBuildFile; fileRef = ECA6B7D42674E0000072EA33 /* FilterService.swift */; };
		ECA6B7D72674E6D50072EA33 /* SliderViewController.swift in Sources */ = {isa = PBXBuildFile; fileRef = ECA6B7D62674E6D50072EA33 /* SliderViewController.swift */; };
		ECA6B7D92674EE0B0072EA33 /* ImagesDataSource.swift in Sources */ = {isa = PBXBuildFile; fileRef = ECA6B7D82674EE0B0072EA33 /* ImagesDataSource.swift */; };
/* End PBXBuildFile section */

/* Begin PBXFileReference section */
		203413252677ADCA007C1112 /* MainView.swift */ = {isa = PBXFileReference; lastKnownFileType = sourcecode.swift; path = MainView.swift; sourceTree = "<group>"; };
		208C2974266FCA30006F7D2B /* Lection 19.app */ = {isa = PBXFileReference; explicitFileType = wrapper.application; includeInIndex = 0; path = "Lection 19.app"; sourceTree = BUILT_PRODUCTS_DIR; };
		208C2977266FCA30006F7D2B /* AppDelegate.swift */ = {isa = PBXFileReference; lastKnownFileType = sourcecode.swift; path = AppDelegate.swift; sourceTree = "<group>"; };
		208C297B266FCA30006F7D2B /* MainScreenViewController.swift */ = {isa = PBXFileReference; lastKnownFileType = sourcecode.swift; path = MainScreenViewController.swift; sourceTree = "<group>"; };
		208C2980266FCA31006F7D2B /* Assets.xcassets */ = {isa = PBXFileReference; lastKnownFileType = folder.assetcatalog; path = Assets.xcassets; sourceTree = "<group>"; };
		208C2983266FCA31006F7D2B /* Base */ = {isa = PBXFileReference; lastKnownFileType = file.storyboard; name = Base; path = Base.lproj/LaunchScreen.storyboard; sourceTree = "<group>"; };
		208C2985266FCA31006F7D2B /* Info.plist */ = {isa = PBXFileReference; lastKnownFileType = text.plist.xml; path = Info.plist; sourceTree = "<group>"; };
		ECA6B7D12674CE030072EA33 /* FilterCell.swift */ = {isa = PBXFileReference; lastKnownFileType = sourcecode.swift; path = FilterCell.swift; sourceTree = "<group>"; };
		ECA6B7D42674E0000072EA33 /* FilterService.swift */ = {isa = PBXFileReference; lastKnownFileType = sourcecode.swift; path = FilterService.swift; sourceTree = "<group>"; };
		ECA6B7D62674E6D50072EA33 /* SliderViewController.swift */ = {isa = PBXFileReference; lastKnownFileType = sourcecode.swift; path = SliderViewController.swift; sourceTree = "<group>"; };
		ECA6B7D82674EE0B0072EA33 /* ImagesDataSource.swift */ = {isa = PBXFileReference; lastKnownFileType = sourcecode.swift; path = ImagesDataSource.swift; sourceTree = "<group>"; };
/* End PBXFileReference section */

/* Begin PBXFrameworksBuildPhase section */
		208C2971266FCA30006F7D2B /* Frameworks */ = {
			isa = PBXFrameworksBuildPhase;
			buildActionMask = 2147483647;
			files = (
			);
			runOnlyForDeploymentPostprocessing = 0;
		};
/* End PBXFrameworksBuildPhase section */

/* Begin PBXGroup section */
		208C296B266FCA30006F7D2B = {
			isa = PBXGroup;
			children = (
				208C2976266FCA30006F7D2B /* Lection 19 */,
				208C2975266FCA30006F7D2B /* Products */,
			);
			sourceTree = "<group>";
		};
		208C2975266FCA30006F7D2B /* Products */ = {
			isa = PBXGroup;
			children = (
				208C2974266FCA30006F7D2B /* Lection 19.app */,
			);
			name = Products;
			sourceTree = "<group>";
		};
		208C2976266FCA30006F7D2B /* Lection 19 */ = {
			isa = PBXGroup;
			children = (
				208C298E266FCA8D006F7D2B /* Application */,
				ECA6B7D32674DFB60072EA33 /* Model */,
				208C299A266FCD40006F7D2B /* View */,
				208C299C266FCD69006F7D2B /* Controller */,
			);
			path = "Lection 19";
			sourceTree = "<group>";
		};
		208C298E266FCA8D006F7D2B /* Application */ = {
			isa = PBXGroup;
			children = (
				208C2977266FCA30006F7D2B /* AppDelegate.swift */,
				208C2980266FCA31006F7D2B /* Assets.xcassets */,
				208C2982266FCA31006F7D2B /* LaunchScreen.storyboard */,
				208C2985266FCA31006F7D2B /* Info.plist */,
			);
			path = Application;
			sourceTree = "<group>";
		};
		208C299A266FCD40006F7D2B /* View */ = {
			isa = PBXGroup;
			children = (
				203413252677ADCA007C1112 /* MainView.swift */,
				ECA6B7D12674CE030072EA33 /* FilterCell.swift */,
			);
			path = View;
			sourceTree = "<group>";
		};
		208C299C266FCD69006F7D2B /* Controller */ = {
			isa = PBXGroup;
			children = (
				208C297B266FCA30006F7D2B /* MainScreenViewController.swift */,
				ECA6B7D62674E6D50072EA33 /* SliderViewController.swift */,
			);
			path = Controller;
			sourceTree = "<group>";
		};
		ECA6B7D32674DFB60072EA33 /* Model */ = {
			isa = PBXGroup;
			children = (
				ECA6B7D42674E0000072EA33 /* FilterService.swift */,
				ECA6B7D82674EE0B0072EA33 /* ImagesDataSource.swift */,
			);
			path = Model;
			sourceTree = "<group>";
		};
/* End PBXGroup section */

/* Begin PBXNativeTarget section */
		208C2973266FCA30006F7D2B /* Lection 19 */ = {
			isa = PBXNativeTarget;
			buildConfigurationList = 208C2988266FCA31006F7D2B /* Build configuration list for PBXNativeTarget "Lection 19" */;
			buildPhases = (
				208C2970266FCA30006F7D2B /* Sources */,
				208C2971266FCA30006F7D2B /* Frameworks */,
				208C2972266FCA30006F7D2B /* Resources */,
			);
			buildRules = (
			);
			dependencies = (
			);
			name = "Lection 19";
			productName = "Lection 19";
			productReference = 208C2974266FCA30006F7D2B /* Lection 19.app */;
			productType = "com.apple.product-type.application";
		};
/* End PBXNativeTarget section */

/* Begin PBXProject section */
		208C296C266FCA30006F7D2B /* Project object */ = {
			isa = PBXProject;
			attributes = {
				LastSwiftUpdateCheck = 1240;
				LastUpgradeCheck = 1240;
				TargetAttributes = {
					208C2973266FCA30006F7D2B = {
						CreatedOnToolsVersion = 12.4;
					};
				};
			};
			buildConfigurationList = 208C296F266FCA30006F7D2B /* Build configuration list for PBXProject "Lection 19" */;
			compatibilityVersion = "Xcode 9.3";
			developmentRegion = en;
			hasScannedForEncodings = 0;
			knownRegions = (
				en,
				Base,
			);
			mainGroup = 208C296B266FCA30006F7D2B;
			productRefGroup = 208C2975266FCA30006F7D2B /* Products */;
			projectDirPath = "";
			projectRoot = "";
			targets = (
				208C2973266FCA30006F7D2B /* Lection 19 */,
			);
		};
/* End PBXProject section */

/* Begin PBXResourcesBuildPhase section */
		208C2972266FCA30006F7D2B /* Resources */ = {
			isa = PBXResourcesBuildPhase;
			buildActionMask = 2147483647;
			files = (
				208C2984266FCA31006F7D2B /* LaunchScreen.storyboard in Resources */,
				208C2981266FCA31006F7D2B /* Assets.xcassets in Resources */,
			);
			runOnlyForDeploymentPostprocessing = 0;
		};
/* End PBXResourcesBuildPhase section */

/* Begin PBXSourcesBuildPhase section */
		208C2970266FCA30006F7D2B /* Sources */ = {
			isa = PBXSourcesBuildPhase;
			buildActionMask = 2147483647;
			files = (
				208C297C266FCA30006F7D2B /* MainScreenViewController.swift in Sources */,
				203413262677ADCA007C1112 /* MainView.swift in Sources */,
				ECA6B7D72674E6D50072EA33 /* SliderViewController.swift in Sources */,
				ECA6B7D92674EE0B0072EA33 /* ImagesDataSource.swift in Sources */,
				ECA6B7D52674E0000072EA33 /* FilterService.swift in Sources */,
				ECA6B7D22674CE030072EA33 /* FilterCell.swift in Sources */,
				208C2978266FCA30006F7D2B /* AppDelegate.swift in Sources */,
			);
			runOnlyForDeploymentPostprocessing = 0;
		};
/* End PBXSourcesBuildPhase section */

/* Begin PBXVariantGroup section */
		208C2982266FCA31006F7D2B /* LaunchScreen.storyboard */ = {
			isa = PBXVariantGroup;
			children = (
				208C2983266FCA31006F7D2B /* Base */,
			);
			name = LaunchScreen.storyboard;
			sourceTree = "<group>";
		};
/* End PBXVariantGroup section */

/* Begin XCBuildConfiguration section */
		208C2986266FCA31006F7D2B /* Debug */ = {
			isa = XCBuildConfiguration;
			buildSettings = {
				ALWAYS_SEARCH_USER_PATHS = NO;
				CLANG_ANALYZER_NONNULL = YES;
				CLANG_ANALYZER_NUMBER_OBJECT_CONVERSION = YES_AGGRESSIVE;
				CLANG_CXX_LANGUAGE_STANDARD = "gnu++14";
				CLANG_CXX_LIBRARY = "libc++";
				CLANG_ENABLE_MODULES = YES;
				CLANG_ENABLE_OBJC_ARC = YES;
				CLANG_ENABLE_OBJC_WEAK = YES;
				CLANG_WARN_BLOCK_CAPTURE_AUTORELEASING = YES;
				CLANG_WARN_BOOL_CONVERSION = YES;
				CLANG_WARN_COMMA = YES;
				CLANG_WARN_CONSTANT_CONVERSION = YES;
				CLANG_WARN_DEPRECATED_OBJC_IMPLEMENTATIONS = YES;
				CLANG_WARN_DIRECT_OBJC_ISA_USAGE = YES_ERROR;
				CLANG_WARN_DOCUMENTATION_COMMENTS = YES;
				CLANG_WARN_EMPTY_BODY = YES;
				CLANG_WARN_ENUM_CONVERSION = YES;
				CLANG_WARN_INFINITE_RECURSION = YES;
				CLANG_WARN_INT_CONVERSION = YES;
				CLANG_WARN_NON_LITERAL_NULL_CONVERSION = YES;
				CLANG_WARN_OBJC_IMPLICIT_RETAIN_SELF = YES;
				CLANG_WARN_OBJC_LITERAL_CONVERSION = YES;
				CLANG_WARN_OBJC_ROOT_CLASS = YES_ERROR;
				CLANG_WARN_QUOTED_INCLUDE_IN_FRAMEWORK_HEADER = YES;
				CLANG_WARN_RANGE_LOOP_ANALYSIS = YES;
				CLANG_WARN_STRICT_PROTOTYPES = YES;
				CLANG_WARN_SUSPICIOUS_MOVE = YES;
				CLANG_WARN_UNGUARDED_AVAILABILITY = YES_AGGRESSIVE;
				CLANG_WARN_UNREACHABLE_CODE = YES;
				CLANG_WARN__DUPLICATE_METHOD_MATCH = YES;
				COPY_PHASE_STRIP = NO;
				DEBUG_INFORMATION_FORMAT = dwarf;
				ENABLE_STRICT_OBJC_MSGSEND = YES;
				ENABLE_TESTABILITY = YES;
				GCC_C_LANGUAGE_STANDARD = gnu11;
				GCC_DYNAMIC_NO_PIC = NO;
				GCC_NO_COMMON_BLOCKS = YES;
				GCC_OPTIMIZATION_LEVEL = 0;
				GCC_PREPROCESSOR_DEFINITIONS = (
					"DEBUG=1",
					"$(inherited)",
				);
				GCC_WARN_64_TO_32_BIT_CONVERSION = YES;
				GCC_WARN_ABOUT_RETURN_TYPE = YES_ERROR;
				GCC_WARN_UNDECLARED_SELECTOR = YES;
				GCC_WARN_UNINITIALIZED_AUTOS = YES_AGGRESSIVE;
				GCC_WARN_UNUSED_FUNCTION = YES;
				GCC_WARN_UNUSED_VARIABLE = YES;
				IPHONEOS_DEPLOYMENT_TARGET = 14.4;
				MTL_ENABLE_DEBUG_INFO = INCLUDE_SOURCE;
				MTL_FAST_MATH = YES;
				ONLY_ACTIVE_ARCH = YES;
				SDKROOT = iphoneos;
				SWIFT_ACTIVE_COMPILATION_CONDITIONS = DEBUG;
				SWIFT_OPTIMIZATION_LEVEL = "-Onone";
			};
			name = Debug;
		};
		208C2987266FCA31006F7D2B /* Release */ = {
			isa = XCBuildConfiguration;
			buildSettings = {
				ALWAYS_SEARCH_USER_PATHS = NO;
				CLANG_ANALYZER_NONNULL = YES;
				CLANG_ANALYZER_NUMBER_OBJECT_CONVERSION = YES_AGGRESSIVE;
				CLANG_CXX_LANGUAGE_STANDARD = "gnu++14";
				CLANG_CXX_LIBRARY = "libc++";
				CLANG_ENABLE_MODULES = YES;
				CLANG_ENABLE_OBJC_ARC = YES;
				CLANG_ENABLE_OBJC_WEAK = YES;
				CLANG_WARN_BLOCK_CAPTURE_AUTORELEASING = YES;
				CLANG_WARN_BOOL_CONVERSION = YES;
				CLANG_WARN_COMMA = YES;
				CLANG_WARN_CONSTANT_CONVERSION = YES;
				CLANG_WARN_DEPRECATED_OBJC_IMPLEMENTATIONS = YES;
				CLANG_WARN_DIRECT_OBJC_ISA_USAGE = YES_ERROR;
				CLANG_WARN_DOCUMENTATION_COMMENTS = YES;
				CLANG_WARN_EMPTY_BODY = YES;
				CLANG_WARN_ENUM_CONVERSION = YES;
				CLANG_WARN_INFINITE_RECURSION = YES;
				CLANG_WARN_INT_CONVERSION = YES;
				CLANG_WARN_NON_LITERAL_NULL_CONVERSION = YES;
				CLANG_WARN_OBJC_IMPLICIT_RETAIN_SELF = YES;
				CLANG_WARN_OBJC_LITERAL_CONVERSION = YES;
				CLANG_WARN_OBJC_ROOT_CLASS = YES_ERROR;
				CLANG_WARN_QUOTED_INCLUDE_IN_FRAMEWORK_HEADER = YES;
				CLANG_WARN_RANGE_LOOP_ANALYSIS = YES;
				CLANG_WARN_STRICT_PROTOTYPES = YES;
				CLANG_WARN_SUSPICIOUS_MOVE = YES;
				CLANG_WARN_UNGUARDED_AVAILABILITY = YES_AGGRESSIVE;
				CLANG_WARN_UNREACHABLE_CODE = YES;
				CLANG_WARN__DUPLICATE_METHOD_MATCH = YES;
				COPY_PHASE_STRIP = NO;
				DEBUG_INFORMATION_FORMAT = "dwarf-with-dsym";
				ENABLE_NS_ASSERTIONS = NO;
				ENABLE_STRICT_OBJC_MSGSEND = YES;
				GCC_C_LANGUAGE_STANDARD = gnu11;
				GCC_NO_COMMON_BLOCKS = YES;
				GCC_WARN_64_TO_32_BIT_CONVERSION = YES;
				GCC_WARN_ABOUT_RETURN_TYPE = YES_ERROR;
				GCC_WARN_UNDECLARED_SELECTOR = YES;
				GCC_WARN_UNINITIALIZED_AUTOS = YES_AGGRESSIVE;
				GCC_WARN_UNUSED_FUNCTION = YES;
				GCC_WARN_UNUSED_VARIABLE = YES;
				IPHONEOS_DEPLOYMENT_TARGET = 14.4;
				MTL_ENABLE_DEBUG_INFO = NO;
				MTL_FAST_MATH = YES;
				SDKROOT = iphoneos;
				SWIFT_COMPILATION_MODE = wholemodule;
				SWIFT_OPTIMIZATION_LEVEL = "-O";
				VALIDATE_PRODUCT = YES;
			};
			name = Release;
		};
		208C2989266FCA31006F7D2B /* Debug */ = {
			isa = XCBuildConfiguration;
			buildSettings = {
				ASSETCATALOG_COMPILER_APPICON_NAME = AppIcon;
				ASSETCATALOG_COMPILER_GLOBAL_ACCENT_COLOR_NAME = AccentColor;
				CODE_SIGN_STYLE = Automatic;
				DEVELOPMENT_TEAM = 65TNRYCD64;
				INFOPLIST_FILE = "Lection 19/Application/Info.plist";
				LD_RUNPATH_SEARCH_PATHS = (
					"$(inherited)",
					"@executable_path/Frameworks",
				);
				PRODUCT_BUNDLE_IDENTIFIER = "kirillmagerya.Lection-19";
				PRODUCT_NAME = "$(TARGET_NAME)";
				SWIFT_VERSION = 5.0;
				TARGETED_DEVICE_FAMILY = "1,2";
			};
			name = Debug;
		};
		208C298A266FCA31006F7D2B /* Release */ = {
			isa = XCBuildConfiguration;
			buildSettings = {
				ASSETCATALOG_COMPILER_APPICON_NAME = AppIcon;
				ASSETCATALOG_COMPILER_GLOBAL_ACCENT_COLOR_NAME = AccentColor;
				CODE_SIGN_STYLE = Automatic;
				DEVELOPMENT_TEAM = 65TNRYCD64;
				INFOPLIST_FILE = "Lection 19/Application/Info.plist";
				LD_RUNPATH_SEARCH_PATHS = (
					"$(inherited)",
					"@executable_path/Frameworks",
				);
				PRODUCT_BUNDLE_IDENTIFIER = "kirillmagerya.Lection-19";
				PRODUCT_NAME = "$(TARGET_NAME)";
				SWIFT_VERSION = 5.0;
				TARGETED_DEVICE_FAMILY = "1,2";
			};
			name = Release;
		};
/* End XCBuildConfiguration section */

/* Begin XCConfigurationList section */
		208C296F266FCA30006F7D2B /* Build configuration list for PBXProject "Lection 19" */ = {
			isa = XCConfigurationList;
			buildConfigurations = (
				208C2986266FCA31006F7D2B /* Debug */,
				208C2987266FCA31006F7D2B /* Release */,
			);
			defaultConfigurationIsVisible = 0;
			defaultConfigurationName = Release;
		};
		208C2988266FCA31006F7D2B /* Build configuration list for PBXNativeTarget "Lection 19" */ = {
			isa = XCConfigurationList;
			buildConfigurations = (
				208C2989266FCA31006F7D2B /* Debug */,
				208C298A266FCA31006F7D2B /* Release */,
			);
			defaultConfigurationIsVisible = 0;
			defaultConfigurationName = Release;
		};
/* End XCConfigurationList section */
	};
	rootObject = 208C296C266FCA30006F7D2B /* Project object */;
}
